
Microsoft Visual Studio Solution File, Format Version 12.00
# Visual Studio 15
VisualStudioVersion = 15.0.28010.2016
MinimumVisualStudioVersion = 10.0.40219.1
Project("{2150E333-8FDC-42A3-9474-1A3956D46DE8}") = "T4", "T4", "{1E8F3122-37FF-414F-BF84-60D392109226}"
EndProject
Project("{FAE04EC0-301F-11D3-BF4B-00C04F79EFBC}") = "T4Template", "T4Template\T4Template.csproj", "{4AF5C325-F5EA-43BD-A0E7-B50A8A5ACAB4}"
EndProject
Project("{2150E333-8FDC-42A3-9474-1A3956D46DE8}") = "DC", "DC", "{C94EFA2A-9416-4855-BEF5-95A67881FEDD}"
EndProject
Project("{2150E333-8FDC-42A3-9474-1A3956D46DE8}") = "SSO", "SSO", "{AC34526A-CE90-4CAA-AED4-D0E4349848C8}"
EndProject
Project("{2150E333-8FDC-42A3-9474-1A3956D46DE8}") = "Common", "Common", "{B888EFB2-8AB8-492D-B034-D3A3B16A69D0}"
EndProject
Project("{2150E333-8FDC-42A3-9474-1A3956D46DE8}") = "Websites", "Websites", "{385EF653-A8AE-4CB1-8187-B92D01C11599}"
EndProject
Project("{9A19103F-16F7-4668-BE54-9A1E7A4F7556}") = "Sqr.Admin.App", "CompanySite\Sqr.Admin.App\Sqr.Admin.App.csproj", "{049071EA-D5D6-4E8B-98C7-714FE37B068E}"
EndProject
Project("{9A19103F-16F7-4668-BE54-9A1E7A4F7556}") = "Sqr.Admin.Web", "CompanySite\Sqr.Admin.Web\Sqr.Admin.Web.csproj", "{97F73397-7BDF-4B41-9DA0-688E15B202E1}"
EndProject
Project("{9A19103F-16F7-4668-BE54-9A1E7A4F7556}") = "Sqr.Common", "Common\Sqr.Common\Sqr.Common.csproj", "{12492D1D-FB3C-44F2-B88F-C007CB1E1086}"
EndProject
Project("{9A19103F-16F7-4668-BE54-9A1E7A4F7556}") = "Sqr.DC.Services", "Dc\Sqr.DC.Service\Sqr.DC.Services.csproj", "{43072060-6ED9-4B3C-BD44-0C83B0B650A8}"
EndProject
Project("{9A19103F-16F7-4668-BE54-9A1E7A4F7556}") = "Sqr.DC.Entities", "dc\Sqr.DC.Entities\Sqr.DC.Entities.csproj", "{A168F758-DE91-42FF-94CE-E39308468F82}"
EndProject
Project("{9A19103F-16F7-4668-BE54-9A1E7A4F7556}") = "Sqr.DC.Repositories", "dc\Sqr.DC.Repositories\Sqr.DC.Repositories.csproj", "{D175F8FC-05B1-4C6D-97FF-4161F7E070ED}"
EndProject
Project("{9A19103F-16F7-4668-BE54-9A1E7A4F7556}") = "Sqr.Dapper.Linq", "Common\Sqr.Dapper.Linq\Sqr.Dapper.Linq.csproj", "{2290F1DB-B7C2-45CA-8BA8-43C40817B630}"
EndProject
Project("{9A19103F-16F7-4668-BE54-9A1E7A4F7556}") = "Sqr.Dapper.Linq.Test", "Common\Sqr.Dapper.Linq.Test\Sqr.Dapper.Linq.Test.csproj", "{F8CE5475-1820-4A8B-9304-F504E9B77138}"
EndProject
Project("{9A19103F-16F7-4668-BE54-9A1E7A4F7556}") = "Sqr.Dapper.Linq.Common", "Common\Sqr.Dapper.Linq.Common\Sqr.Dapper.Linq.Common.csproj", "{B5305644-5C92-444F-8670-0273C326533E}"
EndProject
Project("{9A19103F-16F7-4668-BE54-9A1E7A4F7556}") = "Sqr.SSO.Web", "SSO\Sqr.SSO.Web\Sqr.SSO.Web.csproj", "{574B39FF-168D-4A2E-93D5-E0D6EAAF7AA3}"
EndProject
Project("{9A19103F-16F7-4668-BE54-9A1E7A4F7556}") = "Sqr.SSO.App", "SSO\Sqr.SSO.App\Sqr.SSO.App.csproj", "{F0BE3FEB-6C78-4A96-A150-BC89B0582025}"
EndProject
Project("{9A19103F-16F7-4668-BE54-9A1E7A4F7556}") = "Sqr.DC.WebApi", "dc\Sqr.DC.WebApi\Sqr.DC.WebApi.csproj", "{CD01F263-8E6F-46BD-8BC1-9840FD9004C2}"
EndProject
Project("{9A19103F-16F7-4668-BE54-9A1E7A4F7556}") = "Sqr.SSO.LoginHelper", "SSO\Sqr.SSO.LoginHelper\Sqr.SSO.LoginHelper.csproj", "{A77EBCA0-C2EA-4214-9C8C-1C196A82370F}"
EndProject
Project("{9A19103F-16F7-4668-BE54-9A1E7A4F7556}") = "Sqr.Common.Web", "Common\Sqr.Common.Web\Sqr.Common.Web.csproj", "{8E7A792E-E470-405C-B687-639BED3C354F}"
EndProject
Project("{FAE04EC0-301F-11D3-BF4B-00C04F79EFBC}") = "Sqr.DC.Dtos", "DC\Sqr.DC.Dtos\Sqr.DC.Dtos.csproj", "{B9A2E1A9-0E33-42E3-89E8-23C2EFACF1D6}"
EndProject
Global
	GlobalSection(SolutionConfigurationPlatforms) = preSolution
		Debug|Any CPU = Debug|Any CPU
		Release|Any CPU = Release|Any CPU
	EndGlobalSection
	GlobalSection(ProjectConfigurationPlatforms) = postSolution
		{4AF5C325-F5EA-43BD-A0E7-B50A8A5ACAB4}.Debug|Any CPU.ActiveCfg = Debug|Any CPU
		{4AF5C325-F5EA-43BD-A0E7-B50A8A5ACAB4}.Debug|Any CPU.Build.0 = Debug|Any CPU
		{4AF5C325-F5EA-43BD-A0E7-B50A8A5ACAB4}.Release|Any CPU.ActiveCfg = Release|Any CPU
		{4AF5C325-F5EA-43BD-A0E7-B50A8A5ACAB4}.Release|Any CPU.Build.0 = Release|Any CPU
		{049071EA-D5D6-4E8B-98C7-714FE37B068E}.Debug|Any CPU.ActiveCfg = Debug|Any CPU
		{049071EA-D5D6-4E8B-98C7-714FE37B068E}.Debug|Any CPU.Build.0 = Debug|Any CPU
		{049071EA-D5D6-4E8B-98C7-714FE37B068E}.Release|Any CPU.ActiveCfg = Release|Any CPU
		{049071EA-D5D6-4E8B-98C7-714FE37B068E}.Release|Any CPU.Build.0 = Release|Any CPU
		{97F73397-7BDF-4B41-9DA0-688E15B202E1}.Debug|Any CPU.ActiveCfg = Debug|Any CPU
		{97F73397-7BDF-4B41-9DA0-688E15B202E1}.Debug|Any CPU.Build.0 = Debug|Any CPU
		{97F73397-7BDF-4B41-9DA0-688E15B202E1}.Release|Any CPU.ActiveCfg = Release|Any CPU
		{97F73397-7BDF-4B41-9DA0-688E15B202E1}.Release|Any CPU.Build.0 = Release|Any CPU
		{12492D1D-FB3C-44F2-B88F-C007CB1E1086}.Debug|Any CPU.ActiveCfg = Debug|Any CPU
		{12492D1D-FB3C-44F2-B88F-C007CB1E1086}.Debug|Any CPU.Build.0 = Debug|Any CPU
		{12492D1D-FB3C-44F2-B88F-C007CB1E1086}.Release|Any CPU.ActiveCfg = Release|Any CPU
		{12492D1D-FB3C-44F2-B88F-C007CB1E1086}.Release|Any CPU.Build.0 = Release|Any CPU
		{43072060-6ED9-4B3C-BD44-0C83B0B650A8}.Debug|Any CPU.ActiveCfg = Debug|Any CPU
		{43072060-6ED9-4B3C-BD44-0C83B0B650A8}.Debug|Any CPU.Build.0 = Debug|Any CPU
		{43072060-6ED9-4B3C-BD44-0C83B0B650A8}.Release|Any CPU.ActiveCfg = Release|Any CPU
		{43072060-6ED9-4B3C-BD44-0C83B0B650A8}.Release|Any CPU.Build.0 = Release|Any CPU
		{A168F758-DE91-42FF-94CE-E39308468F82}.Debug|Any CPU.ActiveCfg = Debug|Any CPU
		{A168F758-DE91-42FF-94CE-E39308468F82}.Debug|Any CPU.Build.0 = Debug|Any CPU
		{A168F758-DE91-42FF-94CE-E39308468F82}.Release|Any CPU.ActiveCfg = Release|Any CPU
		{A168F758-DE91-42FF-94CE-E39308468F82}.Release|Any CPU.Build.0 = Release|Any CPU
		{D175F8FC-05B1-4C6D-97FF-4161F7E070ED}.Debug|Any CPU.ActiveCfg = Debug|Any CPU
		{D175F8FC-05B1-4C6D-97FF-4161F7E070ED}.Debug|Any CPU.Build.0 = Debug|Any CPU
		{D175F8FC-05B1-4C6D-97FF-4161F7E070ED}.Release|Any CPU.ActiveCfg = Release|Any CPU
		{D175F8FC-05B1-4C6D-97FF-4161F7E070ED}.Release|Any CPU.Build.0 = Release|Any CPU
		{2290F1DB-B7C2-45CA-8BA8-43C40817B630}.Debug|Any CPU.ActiveCfg = Debug|Any CPU
		{2290F1DB-B7C2-45CA-8BA8-43C40817B630}.Debug|Any CPU.Build.0 = Debug|Any CPU
		{2290F1DB-B7C2-45CA-8BA8-43C40817B630}.Release|Any CPU.ActiveCfg = Release|Any CPU
		{2290F1DB-B7C2-45CA-8BA8-43C40817B630}.Release|Any CPU.Build.0 = Release|Any CPU
		{F8CE5475-1820-4A8B-9304-F504E9B77138}.Debug|Any CPU.ActiveCfg = Debug|Any CPU
		{F8CE5475-1820-4A8B-9304-F504E9B77138}.Debug|Any CPU.Build.0 = Debug|Any CPU
		{F8CE5475-1820-4A8B-9304-F504E9B77138}.Release|Any CPU.ActiveCfg = Release|Any CPU
		{F8CE5475-1820-4A8B-9304-F504E9B77138}.Release|Any CPU.Build.0 = Release|Any CPU
		{B5305644-5C92-444F-8670-0273C326533E}.Debug|Any CPU.ActiveCfg = Debug|Any CPU
		{B5305644-5C92-444F-8670-0273C326533E}.Debug|Any CPU.Build.0 = Debug|Any CPU
		{B5305644-5C92-444F-8670-0273C326533E}.Release|Any CPU.ActiveCfg = Release|Any CPU
		{B5305644-5C92-444F-8670-0273C326533E}.Release|Any CPU.Build.0 = Release|Any CPU
		{574B39FF-168D-4A2E-93D5-E0D6EAAF7AA3}.Debug|Any CPU.ActiveCfg = Debug|Any CPU
		{574B39FF-168D-4A2E-93D5-E0D6EAAF7AA3}.Debug|Any CPU.Build.0 = Debug|Any CPU
		{574B39FF-168D-4A2E-93D5-E0D6EAAF7AA3}.Release|Any CPU.ActiveCfg = Release|Any CPU
		{574B39FF-168D-4A2E-93D5-E0D6EAAF7AA3}.Release|Any CPU.Build.0 = Release|Any CPU
		{F0BE3FEB-6C78-4A96-A150-BC89B0582025}.Debug|Any CPU.ActiveCfg = Debug|Any CPU
		{F0BE3FEB-6C78-4A96-A150-BC89B0582025}.Debug|Any CPU.Build.0 = Debug|Any CPU
		{F0BE3FEB-6C78-4A96-A150-BC89B0582025}.Release|Any CPU.ActiveCfg = Release|Any CPU
		{F0BE3FEB-6C78-4A96-A150-BC89B0582025}.Release|Any CPU.Build.0 = Release|Any CPU
		{CD01F263-8E6F-46BD-8BC1-9840FD9004C2}.Debug|Any CPU.ActiveCfg = Debug|Any CPU
		{CD01F263-8E6F-46BD-8BC1-9840FD9004C2}.Debug|Any CPU.Build.0 = Debug|Any CPU
		{CD01F263-8E6F-46BD-8BC1-9840FD9004C2}.Release|Any CPU.ActiveCfg = Release|Any CPU
		{CD01F263-8E6F-46BD-8BC1-9840FD9004C2}.Release|Any CPU.Build.0 = Release|Any CPU
		{A77EBCA0-C2EA-4214-9C8C-1C196A82370F}.Debug|Any CPU.ActiveCfg = Debug|Any CPU
		{A77EBCA0-C2EA-4214-9C8C-1C196A82370F}.Debug|Any CPU.Build.0 = Debug|Any CPU
		{A77EBCA0-C2EA-4214-9C8C-1C196A82370F}.Release|Any CPU.ActiveCfg = Release|Any CPU
		{A77EBCA0-C2EA-4214-9C8C-1C196A82370F}.Release|Any CPU.Build.0 = Release|Any CPU
		{8E7A792E-E470-405C-B687-639BED3C354F}.Debug|Any CPU.ActiveCfg = Debug|Any CPU
		{8E7A792E-E470-405C-B687-639BED3C354F}.Debug|Any CPU.Build.0 = Debug|Any CPU
		{8E7A792E-E470-405C-B687-639BED3C354F}.Release|Any CPU.ActiveCfg = Release|Any CPU
		{8E7A792E-E470-405C-B687-639BED3C354F}.Release|Any CPU.Build.0 = Release|Any CPU
		{B9A2E1A9-0E33-42E3-89E8-23C2EFACF1D6}.Debug|Any CPU.ActiveCfg = Debug|Any CPU
		{B9A2E1A9-0E33-42E3-89E8-23C2EFACF1D6}.Debug|Any CPU.Build.0 = Debug|Any CPU
		{B9A2E1A9-0E33-42E3-89E8-23C2EFACF1D6}.Release|Any CPU.ActiveCfg = Release|Any CPU
		{B9A2E1A9-0E33-42E3-89E8-23C2EFACF1D6}.Release|Any CPU.Build.0 = Release|Any CPU
	EndGlobalSection
	GlobalSection(SolutionProperties) = preSolution
		HideSolutionNode = FALSE
	EndGlobalSection
	GlobalSection(NestedProjects) = preSolution
		{4AF5C325-F5EA-43BD-A0E7-B50A8A5ACAB4} = {1E8F3122-37FF-414F-BF84-60D392109226}
		{049071EA-D5D6-4E8B-98C7-714FE37B068E} = {385EF653-A8AE-4CB1-8187-B92D01C11599}
		{97F73397-7BDF-4B41-9DA0-688E15B202E1} = {385EF653-A8AE-4CB1-8187-B92D01C11599}
		{12492D1D-FB3C-44F2-B88F-C007CB1E1086} = {B888EFB2-8AB8-492D-B034-D3A3B16A69D0}
		{43072060-6ED9-4B3C-BD44-0C83B0B650A8} = {C94EFA2A-9416-4855-BEF5-95A67881FEDD}
		{A168F758-DE91-42FF-94CE-E39308468F82} = {C94EFA2A-9416-4855-BEF5-95A67881FEDD}
		{D175F8FC-05B1-4C6D-97FF-4161F7E070ED} = {C94EFA2A-9416-4855-BEF5-95A67881FEDD}
		{2290F1DB-B7C2-45CA-8BA8-43C40817B630} = {B888EFB2-8AB8-492D-B034-D3A3B16A69D0}
		{F8CE5475-1820-4A8B-9304-F504E9B77138} = {B888EFB2-8AB8-492D-B034-D3A3B16A69D0}
		{B5305644-5C92-444F-8670-0273C326533E} = {B888EFB2-8AB8-492D-B034-D3A3B16A69D0}
		{574B39FF-168D-4A2E-93D5-E0D6EAAF7AA3} = {AC34526A-CE90-4CAA-AED4-D0E4349848C8}
		{F0BE3FEB-6C78-4A96-A150-BC89B0582025} = {AC34526A-CE90-4CAA-AED4-D0E4349848C8}
		{CD01F263-8E6F-46BD-8BC1-9840FD9004C2} = {C94EFA2A-9416-4855-BEF5-95A67881FEDD}
		{A77EBCA0-C2EA-4214-9C8C-1C196A82370F} = {AC34526A-CE90-4CAA-AED4-D0E4349848C8}
		{8E7A792E-E470-405C-B687-639BED3C354F} = {B888EFB2-8AB8-492D-B034-D3A3B16A69D0}
		{B9A2E1A9-0E33-42E3-89E8-23C2EFACF1D6} = {C94EFA2A-9416-4855-BEF5-95A67881FEDD}
	EndGlobalSection
	GlobalSection(ExtensibilityGlobals) = postSolution
		SolutionGuid = {82F8E583-1F08-4E49-8421-DDEFF52F1FF0}
	EndGlobalSection
EndGlobal
