
Microsoft Visual Studio Solution File, Format Version 12.00
# Visual Studio 15
VisualStudioVersion = 15.0.28010.2016
MinimumVisualStudioVersion = 10.0.40219.1
Project("{2150E333-8FDC-42A3-9474-1A3956D46DE8}") = "T4", "T4", "{1E8F3122-37FF-414F-BF84-60D392109226}"
EndProject
Project("{FAE04EC0-301F-11D3-BF4B-00C04F79EFBC}") = "T4Template", "T4Template\T4Template.csproj", "{4AF5C325-F5EA-43BD-A0E7-B50A8A5ACAB4}"
EndProject
Project("{2150E333-8FDC-42A3-9474-1A3956D46DE8}") = "DC", "DC", "{C94EFA2A-9416-4855-BEF5-95A67881FEDD}"
EndProject
Project("{2150E333-8FDC-42A3-9474-1A3956D46DE8}") = "SSO", "SSO", "{AC34526A-CE90-4CAA-AED4-D0E4349848C8}"
EndProject
Project("{FAE04EC0-301F-11D3-BF4B-00C04F79EFBC}") = "Sqr.SSO.Web", "SSO\Sqr.SSO.Web\Sqr.SSO.Web.csproj", "{B55BC1B2-8A45-46A9-B26F-B476889F90BD}"
EndProject
Project("{2150E333-8FDC-42A3-9474-1A3956D46DE8}") = "Common", "Common", "{B888EFB2-8AB8-492D-B034-D3A3B16A69D0}"
EndProject
Project("{FAE04EC0-301F-11D3-BF4B-00C04F79EFBC}") = "Sqr.SSO.Application", "SSO\Sqr.SSO.Application\Sqr.SSO.Application.csproj", "{9FA37194-009F-4940-A203-3A07E84D2BE7}"
EndProject
Project("{FAE04EC0-301F-11D3-BF4B-00C04F79EFBC}") = "Sqr.SSO.Common", "sso\Sqr.SSO.Common\Sqr.SSO.Common.csproj", "{A5E16BE2-6EAC-4144-805B-EE361980D2CD}"
EndProject
Project("{2150E333-8FDC-42A3-9474-1A3956D46DE8}") = "Websites", "Websites", "{385EF653-A8AE-4CB1-8187-B92D01C11599}"
EndProject
Project("{9A19103F-16F7-4668-BE54-9A1E7A4F7556}") = "Sqr.Admin.App", "CompanySite\Sqr.Admin.App\Sqr.Admin.App.csproj", "{049071EA-D5D6-4E8B-98C7-714FE37B068E}"
EndProject
Project("{9A19103F-16F7-4668-BE54-9A1E7A4F7556}") = "Sqr.Admin.Web", "CompanySite\Sqr.Admin.Web\Sqr.Admin.Web.csproj", "{97F73397-7BDF-4B41-9DA0-688E15B202E1}"
EndProject
Project("{9A19103F-16F7-4668-BE54-9A1E7A4F7556}") = "Sqr.Common", "Common\Sqr.Common\Sqr.Common.csproj", "{12492D1D-FB3C-44F2-B88F-C007CB1E1086}"
EndProject
Project("{9A19103F-16F7-4668-BE54-9A1E7A4F7556}") = "Sqr.DC.Services", "Dc\Sqr.DC.Service\Sqr.DC.Services.csproj", "{43072060-6ED9-4B3C-BD44-0C83B0B650A8}"
EndProject
Project("{9A19103F-16F7-4668-BE54-9A1E7A4F7556}") = "Sqr.DC.Entities", "dc\Sqr.DC.Entities\Sqr.DC.Entities.csproj", "{A168F758-DE91-42FF-94CE-E39308468F82}"
EndProject
Project("{9A19103F-16F7-4668-BE54-9A1E7A4F7556}") = "Sqr.DC.Repositories", "dc\Sqr.DC.Repositories\Sqr.DC.Repositories.csproj", "{D175F8FC-05B1-4C6D-97FF-4161F7E070ED}"
EndProject
Project("{9A19103F-16F7-4668-BE54-9A1E7A4F7556}") = "Sqr.DC.WebApi", "DC\Sqr.DC.WebApi\Sqr.DC.WebApi.csproj", "{3D5B9E8E-5E15-4D26-8117-FA416886B91B}"
EndProject
Project("{FAE04EC0-301F-11D3-BF4B-00C04F79EFBC}") = "Sqr.Dapper.Linq", "Common\Sqr.Dapper.Linq\Sqr.Dapper.Linq.csproj", "{2290F1DB-B7C2-45CA-8BA8-43C40817B630}"
EndProject
Project("{FAE04EC0-301F-11D3-BF4B-00C04F79EFBC}") = "Sqr.Dapper.Linq.Test", "Common\Sqr.Dapper.Linq.Test\Sqr.Dapper.Linq.Test.csproj", "{F8CE5475-1820-4A8B-9304-F504E9B77138}"
EndProject
Global
	GlobalSection(SolutionConfigurationPlatforms) = preSolution
		Debug|Any CPU = Debug|Any CPU
		Release|Any CPU = Release|Any CPU
	EndGlobalSection
	GlobalSection(ProjectConfigurationPlatforms) = postSolution
		{4AF5C325-F5EA-43BD-A0E7-B50A8A5ACAB4}.Debug|Any CPU.ActiveCfg = Debug|Any CPU
		{4AF5C325-F5EA-43BD-A0E7-B50A8A5ACAB4}.Debug|Any CPU.Build.0 = Debug|Any CPU
		{4AF5C325-F5EA-43BD-A0E7-B50A8A5ACAB4}.Release|Any CPU.ActiveCfg = Release|Any CPU
		{4AF5C325-F5EA-43BD-A0E7-B50A8A5ACAB4}.Release|Any CPU.Build.0 = Release|Any CPU
		{B55BC1B2-8A45-46A9-B26F-B476889F90BD}.Debug|Any CPU.ActiveCfg = Debug|Any CPU
		{B55BC1B2-8A45-46A9-B26F-B476889F90BD}.Debug|Any CPU.Build.0 = Debug|Any CPU
		{B55BC1B2-8A45-46A9-B26F-B476889F90BD}.Release|Any CPU.ActiveCfg = Release|Any CPU
		{B55BC1B2-8A45-46A9-B26F-B476889F90BD}.Release|Any CPU.Build.0 = Release|Any CPU
		{9FA37194-009F-4940-A203-3A07E84D2BE7}.Debug|Any CPU.ActiveCfg = Debug|Any CPU
		{9FA37194-009F-4940-A203-3A07E84D2BE7}.Debug|Any CPU.Build.0 = Debug|Any CPU
		{9FA37194-009F-4940-A203-3A07E84D2BE7}.Release|Any CPU.ActiveCfg = Release|Any CPU
		{9FA37194-009F-4940-A203-3A07E84D2BE7}.Release|Any CPU.Build.0 = Release|Any CPU
		{A5E16BE2-6EAC-4144-805B-EE361980D2CD}.Debug|Any CPU.ActiveCfg = Debug|Any CPU
		{A5E16BE2-6EAC-4144-805B-EE361980D2CD}.Debug|Any CPU.Build.0 = Debug|Any CPU
		{A5E16BE2-6EAC-4144-805B-EE361980D2CD}.Release|Any CPU.ActiveCfg = Release|Any CPU
		{A5E16BE2-6EAC-4144-805B-EE361980D2CD}.Release|Any CPU.Build.0 = Release|Any CPU
		{049071EA-D5D6-4E8B-98C7-714FE37B068E}.Debug|Any CPU.ActiveCfg = Debug|Any CPU
		{049071EA-D5D6-4E8B-98C7-714FE37B068E}.Debug|Any CPU.Build.0 = Debug|Any CPU
		{049071EA-D5D6-4E8B-98C7-714FE37B068E}.Release|Any CPU.ActiveCfg = Release|Any CPU
		{049071EA-D5D6-4E8B-98C7-714FE37B068E}.Release|Any CPU.Build.0 = Release|Any CPU
		{97F73397-7BDF-4B41-9DA0-688E15B202E1}.Debug|Any CPU.ActiveCfg = Debug|Any CPU
		{97F73397-7BDF-4B41-9DA0-688E15B202E1}.Debug|Any CPU.Build.0 = Debug|Any CPU
		{97F73397-7BDF-4B41-9DA0-688E15B202E1}.Release|Any CPU.ActiveCfg = Release|Any CPU
		{97F73397-7BDF-4B41-9DA0-688E15B202E1}.Release|Any CPU.Build.0 = Release|Any CPU
		{12492D1D-FB3C-44F2-B88F-C007CB1E1086}.Debug|Any CPU.ActiveCfg = Debug|Any CPU
		{12492D1D-FB3C-44F2-B88F-C007CB1E1086}.Debug|Any CPU.Build.0 = Debug|Any CPU
		{12492D1D-FB3C-44F2-B88F-C007CB1E1086}.Release|Any CPU.ActiveCfg = Release|Any CPU
		{12492D1D-FB3C-44F2-B88F-C007CB1E1086}.Release|Any CPU.Build.0 = Release|Any CPU
		{43072060-6ED9-4B3C-BD44-0C83B0B650A8}.Debug|Any CPU.ActiveCfg = Debug|Any CPU
		{43072060-6ED9-4B3C-BD44-0C83B0B650A8}.Debug|Any CPU.Build.0 = Debug|Any CPU
		{43072060-6ED9-4B3C-BD44-0C83B0B650A8}.Release|Any CPU.ActiveCfg = Release|Any CPU
		{43072060-6ED9-4B3C-BD44-0C83B0B650A8}.Release|Any CPU.Build.0 = Release|Any CPU
		{A168F758-DE91-42FF-94CE-E39308468F82}.Debug|Any CPU.ActiveCfg = Debug|Any CPU
		{A168F758-DE91-42FF-94CE-E39308468F82}.Debug|Any CPU.Build.0 = Debug|Any CPU
		{A168F758-DE91-42FF-94CE-E39308468F82}.Release|Any CPU.ActiveCfg = Release|Any CPU
		{A168F758-DE91-42FF-94CE-E39308468F82}.Release|Any CPU.Build.0 = Release|Any CPU
		{D175F8FC-05B1-4C6D-97FF-4161F7E070ED}.Debug|Any CPU.ActiveCfg = Debug|Any CPU
		{D175F8FC-05B1-4C6D-97FF-4161F7E070ED}.Debug|Any CPU.Build.0 = Debug|Any CPU
		{D175F8FC-05B1-4C6D-97FF-4161F7E070ED}.Release|Any CPU.ActiveCfg = Release|Any CPU
		{D175F8FC-05B1-4C6D-97FF-4161F7E070ED}.Release|Any CPU.Build.0 = Release|Any CPU
		{3D5B9E8E-5E15-4D26-8117-FA416886B91B}.Debug|Any CPU.ActiveCfg = Debug|Any CPU
		{3D5B9E8E-5E15-4D26-8117-FA416886B91B}.Debug|Any CPU.Build.0 = Debug|Any CPU
		{3D5B9E8E-5E15-4D26-8117-FA416886B91B}.Release|Any CPU.ActiveCfg = Release|Any CPU
		{3D5B9E8E-5E15-4D26-8117-FA416886B91B}.Release|Any CPU.Build.0 = Release|Any CPU
		{2290F1DB-B7C2-45CA-8BA8-43C40817B630}.Debug|Any CPU.ActiveCfg = Debug|Any CPU
		{2290F1DB-B7C2-45CA-8BA8-43C40817B630}.Debug|Any CPU.Build.0 = Debug|Any CPU
		{2290F1DB-B7C2-45CA-8BA8-43C40817B630}.Release|Any CPU.ActiveCfg = Release|Any CPU
		{2290F1DB-B7C2-45CA-8BA8-43C40817B630}.Release|Any CPU.Build.0 = Release|Any CPU
		{F8CE5475-1820-4A8B-9304-F504E9B77138}.Debug|Any CPU.ActiveCfg = Debug|Any CPU
		{F8CE5475-1820-4A8B-9304-F504E9B77138}.Debug|Any CPU.Build.0 = Debug|Any CPU
		{F8CE5475-1820-4A8B-9304-F504E9B77138}.Release|Any CPU.ActiveCfg = Release|Any CPU
		{F8CE5475-1820-4A8B-9304-F504E9B77138}.Release|Any CPU.Build.0 = Release|Any CPU
	EndGlobalSection
	GlobalSection(SolutionProperties) = preSolution
		HideSolutionNode = FALSE
	EndGlobalSection
	GlobalSection(NestedProjects) = preSolution
		{4AF5C325-F5EA-43BD-A0E7-B50A8A5ACAB4} = {1E8F3122-37FF-414F-BF84-60D392109226}
		{B55BC1B2-8A45-46A9-B26F-B476889F90BD} = {AC34526A-CE90-4CAA-AED4-D0E4349848C8}
		{9FA37194-009F-4940-A203-3A07E84D2BE7} = {AC34526A-CE90-4CAA-AED4-D0E4349848C8}
		{A5E16BE2-6EAC-4144-805B-EE361980D2CD} = {AC34526A-CE90-4CAA-AED4-D0E4349848C8}
		{049071EA-D5D6-4E8B-98C7-714FE37B068E} = {385EF653-A8AE-4CB1-8187-B92D01C11599}
		{97F73397-7BDF-4B41-9DA0-688E15B202E1} = {385EF653-A8AE-4CB1-8187-B92D01C11599}
		{12492D1D-FB3C-44F2-B88F-C007CB1E1086} = {B888EFB2-8AB8-492D-B034-D3A3B16A69D0}
		{43072060-6ED9-4B3C-BD44-0C83B0B650A8} = {C94EFA2A-9416-4855-BEF5-95A67881FEDD}
		{A168F758-DE91-42FF-94CE-E39308468F82} = {C94EFA2A-9416-4855-BEF5-95A67881FEDD}
		{D175F8FC-05B1-4C6D-97FF-4161F7E070ED} = {C94EFA2A-9416-4855-BEF5-95A67881FEDD}
		{3D5B9E8E-5E15-4D26-8117-FA416886B91B} = {C94EFA2A-9416-4855-BEF5-95A67881FEDD}
		{2290F1DB-B7C2-45CA-8BA8-43C40817B630} = {B888EFB2-8AB8-492D-B034-D3A3B16A69D0}
		{F8CE5475-1820-4A8B-9304-F504E9B77138} = {B888EFB2-8AB8-492D-B034-D3A3B16A69D0}
	EndGlobalSection
	GlobalSection(ExtensibilityGlobals) = postSolution
		SolutionGuid = {82F8E583-1F08-4E49-8421-DDEFF52F1FF0}
	EndGlobalSection
EndGlobal
