
Microsoft Visual Studio Solution File, Format Version 12.00
# Visual Studio 14
VisualStudioVersion = 14.0.24720.0
MinimumVisualStudioVersion = 10.0.40219.1
Project("{2150E333-8FDC-42A3-9474-1A3956D46DE8}") = "T4", "T4", "{1E8F3122-37FF-414F-BF84-60D392109226}"
EndProject
Project("{FAE04EC0-301F-11D3-BF4B-00C04F79EFBC}") = "T4Template", "T4Template\T4Template.csproj", "{4AF5C325-F5EA-43BD-A0E7-B50A8A5ACAB4}"
EndProject
Project("{2150E333-8FDC-42A3-9474-1A3956D46DE8}") = "DC", "DC", "{C94EFA2A-9416-4855-BEF5-95A67881FEDD}"
EndProject
Project("{FAE04EC0-301F-11D3-BF4B-00C04F79EFBC}") = "Sqr.DC.BLL", "DC\Sqr.DC.BLL\Sqr.DC.BLL.csproj", "{1BD79240-9E25-4CCE-BED5-CA6785A3EE59}"
EndProject
Project("{FAE04EC0-301F-11D3-BF4B-00C04F79EFBC}") = "Sqr.DC.DAL", "DC\Sqr.DC.DAL\Sqr.DC.DAL.csproj", "{1302E2E8-B9A5-4E49-A112-7BBF543584A8}"
EndProject
Project("{FAE04EC0-301F-11D3-BF4B-00C04F79EFBC}") = "Sqr.DC.EF", "DC\Sqr.DC.EF\Sqr.DC.EF.csproj", "{1F339703-7D72-42FA-ADA2-EB62B3B1B584}"
EndProject
Project("{FAE04EC0-301F-11D3-BF4B-00C04F79EFBC}") = "Sqr.DC.EF.Models", "DC\Sqr.DC.EF.Models\Sqr.DC.EF.Models.csproj", "{DD84A240-4E1B-4C92-84D9-71937BD7D22C}"
EndProject
Project("{FAE04EC0-301F-11D3-BF4B-00C04F79EFBC}") = "WcfService", "DC\WcfService\WcfService.csproj", "{A6E82562-9D26-4332-B240-F85C1F1D313D}"
EndProject
Global
	GlobalSection(SolutionConfigurationPlatforms) = preSolution
		Debug|Any CPU = Debug|Any CPU
		Release|Any CPU = Release|Any CPU
	EndGlobalSection
	GlobalSection(ProjectConfigurationPlatforms) = postSolution
		{4AF5C325-F5EA-43BD-A0E7-B50A8A5ACAB4}.Debug|Any CPU.ActiveCfg = Debug|Any CPU
		{4AF5C325-F5EA-43BD-A0E7-B50A8A5ACAB4}.Debug|Any CPU.Build.0 = Debug|Any CPU
		{4AF5C325-F5EA-43BD-A0E7-B50A8A5ACAB4}.Release|Any CPU.ActiveCfg = Release|Any CPU
		{4AF5C325-F5EA-43BD-A0E7-B50A8A5ACAB4}.Release|Any CPU.Build.0 = Release|Any CPU
		{1BD79240-9E25-4CCE-BED5-CA6785A3EE59}.Debug|Any CPU.ActiveCfg = Debug|Any CPU
		{1BD79240-9E25-4CCE-BED5-CA6785A3EE59}.Debug|Any CPU.Build.0 = Debug|Any CPU
		{1BD79240-9E25-4CCE-BED5-CA6785A3EE59}.Release|Any CPU.ActiveCfg = Release|Any CPU
		{1BD79240-9E25-4CCE-BED5-CA6785A3EE59}.Release|Any CPU.Build.0 = Release|Any CPU
		{1302E2E8-B9A5-4E49-A112-7BBF543584A8}.Debug|Any CPU.ActiveCfg = Debug|Any CPU
		{1302E2E8-B9A5-4E49-A112-7BBF543584A8}.Debug|Any CPU.Build.0 = Debug|Any CPU
		{1302E2E8-B9A5-4E49-A112-7BBF543584A8}.Release|Any CPU.ActiveCfg = Release|Any CPU
		{1302E2E8-B9A5-4E49-A112-7BBF543584A8}.Release|Any CPU.Build.0 = Release|Any CPU
		{1F339703-7D72-42FA-ADA2-EB62B3B1B584}.Debug|Any CPU.ActiveCfg = Debug|Any CPU
		{1F339703-7D72-42FA-ADA2-EB62B3B1B584}.Debug|Any CPU.Build.0 = Debug|Any CPU
		{1F339703-7D72-42FA-ADA2-EB62B3B1B584}.Release|Any CPU.ActiveCfg = Release|Any CPU
		{1F339703-7D72-42FA-ADA2-EB62B3B1B584}.Release|Any CPU.Build.0 = Release|Any CPU
		{DD84A240-4E1B-4C92-84D9-71937BD7D22C}.Debug|Any CPU.ActiveCfg = Debug|Any CPU
		{DD84A240-4E1B-4C92-84D9-71937BD7D22C}.Debug|Any CPU.Build.0 = Debug|Any CPU
		{DD84A240-4E1B-4C92-84D9-71937BD7D22C}.Release|Any CPU.ActiveCfg = Release|Any CPU
		{DD84A240-4E1B-4C92-84D9-71937BD7D22C}.Release|Any CPU.Build.0 = Release|Any CPU
		{A6E82562-9D26-4332-B240-F85C1F1D313D}.Debug|Any CPU.ActiveCfg = Debug|Any CPU
		{A6E82562-9D26-4332-B240-F85C1F1D313D}.Debug|Any CPU.Build.0 = Debug|Any CPU
		{A6E82562-9D26-4332-B240-F85C1F1D313D}.Release|Any CPU.ActiveCfg = Release|Any CPU
		{A6E82562-9D26-4332-B240-F85C1F1D313D}.Release|Any CPU.Build.0 = Release|Any CPU
	EndGlobalSection
	GlobalSection(SolutionProperties) = preSolution
		HideSolutionNode = FALSE
	EndGlobalSection
	GlobalSection(NestedProjects) = preSolution
		{4AF5C325-F5EA-43BD-A0E7-B50A8A5ACAB4} = {1E8F3122-37FF-414F-BF84-60D392109226}
		{1BD79240-9E25-4CCE-BED5-CA6785A3EE59} = {C94EFA2A-9416-4855-BEF5-95A67881FEDD}
		{1302E2E8-B9A5-4E49-A112-7BBF543584A8} = {C94EFA2A-9416-4855-BEF5-95A67881FEDD}
		{1F339703-7D72-42FA-ADA2-EB62B3B1B584} = {C94EFA2A-9416-4855-BEF5-95A67881FEDD}
		{DD84A240-4E1B-4C92-84D9-71937BD7D22C} = {C94EFA2A-9416-4855-BEF5-95A67881FEDD}
		{A6E82562-9D26-4332-B240-F85C1F1D313D} = {C94EFA2A-9416-4855-BEF5-95A67881FEDD}
	EndGlobalSection
EndGlobal
